
Microsoft Visual Studio Solution File, Format Version 12.00
# Visual Studio Version 17
VisualStudioVersion = 17.5.33627.172
MinimumVisualStudioVersion = 10.0.40219.1
Project("{FAE04EC0-301F-11D3-BF4B-00C04F79EFBC}") = "Security.DataProtection.WebUI", "Security.DataProtection.WebUI\Security.DataProtection.WebUI.csproj", "{73208A35-6DE8-4ED0-8F8D-7C62DBC6067E}"
EndProject
Project("{FAE04EC0-301F-11D3-BF4B-00C04F79EFBC}") = "Security.WhiteBlackList.WebUI", "Security.WhiteBlackList.WebUI\Security.WhiteBlackList.WebUI.csproj", "{5A059FA0-3D68-4830-9FB6-7F1BA91EFA98}"
EndProject
Project("{FAE04EC0-301F-11D3-BF4B-00C04F79EFBC}") = "Security.SecretProtection.WebUI", "Security.SecretProtection.WebUI\Security.SecretProtection.WebUI.csproj", "{C282A990-DBD9-4B1E-8E49-494E90F44B10}"
EndProject
Global
	GlobalSection(SolutionConfigurationPlatforms) = preSolution
		Debug|Any CPU = Debug|Any CPU
		Release|Any CPU = Release|Any CPU
	EndGlobalSection
	GlobalSection(ProjectConfigurationPlatforms) = postSolution
		{73208A35-6DE8-4ED0-8F8D-7C62DBC6067E}.Debug|Any CPU.ActiveCfg = Debug|Any CPU
		{73208A35-6DE8-4ED0-8F8D-7C62DBC6067E}.Debug|Any CPU.Build.0 = Debug|Any CPU
		{73208A35-6DE8-4ED0-8F8D-7C62DBC6067E}.Release|Any CPU.ActiveCfg = Release|Any CPU
		{73208A35-6DE8-4ED0-8F8D-7C62DBC6067E}.Release|Any CPU.Build.0 = Release|Any CPU
		{5A059FA0-3D68-4830-9FB6-7F1BA91EFA98}.Debug|Any CPU.ActiveCfg = Debug|Any CPU
		{5A059FA0-3D68-4830-9FB6-7F1BA91EFA98}.Debug|Any CPU.Build.0 = Debug|Any CPU
		{5A059FA0-3D68-4830-9FB6-7F1BA91EFA98}.Release|Any CPU.ActiveCfg = Release|Any CPU
		{5A059FA0-3D68-4830-9FB6-7F1BA91EFA98}.Release|Any CPU.Build.0 = Release|Any CPU
		{C282A990-DBD9-4B1E-8E49-494E90F44B10}.Debug|Any CPU.ActiveCfg = Debug|Any CPU
		{C282A990-DBD9-4B1E-8E49-494E90F44B10}.Debug|Any CPU.Build.0 = Debug|Any CPU
		{C282A990-DBD9-4B1E-8E49-494E90F44B10}.Release|Any CPU.ActiveCfg = Release|Any CPU
		{C282A990-DBD9-4B1E-8E49-494E90F44B10}.Release|Any CPU.Build.0 = Release|Any CPU
	EndGlobalSection
	GlobalSection(SolutionProperties) = preSolution
		HideSolutionNode = FALSE
	EndGlobalSection
	GlobalSection(ExtensibilityGlobals) = postSolution
		SolutionGuid = {D1DF752A-4558-482E-8196-299538B47A15}
	EndGlobalSection
EndGlobal
